
Microsoft Visual Studio Solution File, Format Version 12.00
# Visual Studio Version 16
VisualStudioVersion = 16.0.30517.126
MinimumVisualStudioVersion = 10.0.40219.1
Project("{FAE04EC0-301F-11D3-BF4B-00C04F79EFBC}") = "SerialPortDemo", "SerialPortDemo\SerialPortDemo.csproj", "{4DB7464B-6018-4D66-AAAE-900FB4FEE538}"
EndProject
Global
	GlobalSection(SolutionConfigurationPlatforms) = preSolution
		Debug|Any CPU = Debug|Any CPU
		Release|Any CPU = Release|Any CPU
	EndGlobalSection
	GlobalSection(ProjectConfigurationPlatforms) = postSolution
		{4DB7464B-6018-4D66-AAAE-900FB4FEE538}.Debug|Any CPU.ActiveCfg = Debug|Any CPU
		{4DB7464B-6018-4D66-AAAE-900FB4FEE538}.Debug|Any CPU.Build.0 = Debug|Any CPU
		{4DB7464B-6018-4D66-AAAE-900FB4FEE538}.Release|Any CPU.ActiveCfg = Release|Any CPU
		{4DB7464B-6018-4D66-AAAE-900FB4FEE538}.Release|Any CPU.Build.0 = Release|Any CPU
	EndGlobalSection
	GlobalSection(SolutionProperties) = preSolution
		HideSolutionNode = FALSE
	EndGlobalSection
	GlobalSection(ExtensibilityGlobals) = postSolution
		SolutionGuid = {8D8271BE-4FC0-4097-A669-34BDAEBBB84A}
	EndGlobalSection
EndGlobal
